
Microsoft Visual Studio Solution File, Format Version 12.00
# Visual Studio Version 17
VisualStudioVersion = 17.0.31919.166
MinimumVisualStudioVersion = 10.0.40219.1
Project("{FAE04EC0-301F-11D3-BF4B-00C04F79EFBC}") = "OpenConstructionSet.Patcher.Scar.PathFinding", "OpenConstructionSet.Patcher.Scar.PathFinding.csproj", "{8393D8E6-FD07-42BB-A2D6-9E320D8AE916}"
EndProject
Global
	GlobalSection(SolutionConfigurationPlatforms) = preSolution
		Debug|Any CPU = Debug|Any CPU
		Release|Any CPU = Release|Any CPU
	EndGlobalSection
	GlobalSection(ProjectConfigurationPlatforms) = postSolution
		{8393D8E6-FD07-42BB-A2D6-9E320D8AE916}.Debug|Any CPU.ActiveCfg = Debug|Any CPU
		{8393D8E6-FD07-42BB-A2D6-9E320D8AE916}.Debug|Any CPU.Build.0 = Debug|Any CPU
		{8393D8E6-FD07-42BB-A2D6-9E320D8AE916}.Release|Any CPU.ActiveCfg = Release|Any CPU
		{8393D8E6-FD07-42BB-A2D6-9E320D8AE916}.Release|Any CPU.Build.0 = Release|Any CPU
	EndGlobalSection
	GlobalSection(SolutionProperties) = preSolution
		HideSolutionNode = FALSE
	EndGlobalSection
	GlobalSection(ExtensibilityGlobals) = postSolution
		SolutionGuid = {22D4C442-B99C-48A5-AF2C-8F645D64428C}
	EndGlobalSection
EndGlobal
